
Microsoft Visual Studio Solution File, Format Version 12.00
# Visual Studio Version 17
VisualStudioVersion = 17.0.31903.59
MinimumVisualStudioVersion = 10.0.40219.1
Project("{9A19103F-16F7-4668-BE54-9A1E7A4F7556}") = "Gagamba.Fixture.Host", "tests\Fixtures\Gagamba.Fixture.Host\Gagamba.Fixture.Host.csproj", "{75FDE485-16C0-465D-805C-8E843FF79192}"
EndProject
Project("{9A19103F-16F7-4668-BE54-9A1E7A4F7556}") = "Gagamba.Fixture.Worker", "tests\Fixtures\Gagamba.Fixture.Worker\Gagamba.Fixture.Worker.csproj", "{71D198B4-4F7B-422B-B88D-0C3B1CCEB5B4}"
EndProject
Project("{9A19103F-16F7-4668-BE54-9A1E7A4F7556}") = "Gagamba.Fixture.Harness", "tests\Fixtures\Gagamba.Fixture.Harness\Gagamba.Fixture.Harness.csproj", "{0BD59D68-1FE6-41B7-8F89-93C5659259D7}"
EndProject
Project("{9A19103F-16F7-4668-BE54-9A1E7A4F7556}") = "Gagamba.Fixture.SelfTest", "tests\Fixtures\Gagamba.Fixture.SelfTest\Gagamba.Fixture.SelfTest.csproj", "{789AA90B-0C90-4DF1-8AB7-931636720C8D}"
EndProject
Project("{9A19103F-16F7-4668-BE54-9A1E7A4F7556}") = "Gw1aProbe", "spikes\Gw1aProbe\Gw1aProbe.csproj", "{B42E62F5-6B54-470D-A9A8-7FB9ACCA8D73}"
EndProject
Project("{9A19103F-16F7-4668-BE54-9A1E7A4F7556}") = "Gw1bLaunch", "spikes\Gw1bLaunch\Gw1bLaunch.csproj", "{E52352E1-F746-45BB-A28D-25BA5A738E3A}"
EndProject
Project("{9A19103F-16F7-4668-BE54-9A1E7A4F7556}") = "PidProbe", "spikes\PidProbe\PidProbe.csproj", "{C242E91F-2043-4B28-80AF-910C358E1BA5}"
EndProject
Project("{9A19103F-16F7-4668-BE54-9A1E7A4F7556}") = "SandboxRunner", "spikes\SandboxRunner\SandboxRunner.csproj", "{644974FD-68BE-42AE-9123-DE38B4919376}"
EndProject
Project("{9A19103F-16F7-4668-BE54-9A1E7A4F7556}") = "Gw1bLaunch.Tests", "spikes\Gw1bLaunch.Tests\Gw1bLaunch.Tests.csproj", "{A3F2C1D4-8B5E-4A7D-9C2F-1E6A5B4C8D7E}"
EndProject
Project("{9A19103F-16F7-4668-BE54-9A1E7A4F7556}") = "Gagamba.Execution", "src\Gagamba.Execution\Gagamba.Execution.csproj", "{4B19FA94-DC8E-4C92-9A97-0215751E99C4}"
EndProject
Project("{9A19103F-16F7-4668-BE54-9A1E7A4F7556}") = "Gagamba.Execution.Tests", "tests\Gagamba.Execution.Tests\Gagamba.Execution.Tests.csproj", "{51F7B4FC-0CD0-46AE-B6A2-01F85E12903C}"
EndProject
Project("{9A19103F-16F7-4668-BE54-9A1E7A4F7556}") = "Gagamba.Execution.Windows", "src\Gagamba.Execution.Windows\Gagamba.Execution.Windows.csproj", "{1FBD030B-B6F1-4607-BD70-8FC3575CB1A0}"
EndProject
Project("{9A19103F-16F7-4668-BE54-9A1E7A4F7556}") = "Gagamba.Execution.Windows.Tests", "tests\Gagamba.Execution.Windows.Tests\Gagamba.Execution.Windows.Tests.csproj", "{F00B57A7-05B1-4C46-B2AB-18BE5BBF236A}"
EndProject
Project("{2150E333-8FDC-42A3-9474-1A3956D46DE8}") = "src", "src", "{827E0CD3-B72D-47B6-A68D-7590B98EB39B}"
EndProject
Project("{FAE04EC0-301F-11D3-BF4B-00C04F79EFBC}") = "Gagamba.Execution.Linux", "src\Gagamba.Execution.Linux\Gagamba.Execution.Linux.csproj", "{8ED15888-A1BF-4D6A-A5E1-11F77B300462}"
EndProject
Project("{2150E333-8FDC-42A3-9474-1A3956D46DE8}") = "tests", "tests", "{0AB3BF05-4346-4AA6-1389-037BE0695223}"
EndProject
Project("{FAE04EC0-301F-11D3-BF4B-00C04F79EFBC}") = "Gagamba.Execution.Linux.Tests", "tests\Gagamba.Execution.Linux.Tests\Gagamba.Execution.Linux.Tests.csproj", "{0124372C-F6CF-4F23-8305-9BF2F0C0D313}"
EndProject
Global
	GlobalSection(SolutionConfigurationPlatforms) = preSolution
		Debug|Any CPU = Debug|Any CPU
		Debug|x64 = Debug|x64
		Debug|x86 = Debug|x86
		Release|Any CPU = Release|Any CPU
		Release|x64 = Release|x64
		Release|x86 = Release|x86
	EndGlobalSection
	GlobalSection(ProjectConfigurationPlatforms) = postSolution
		{75FDE485-16C0-465D-805C-8E843FF79192}.Debug|Any CPU.ActiveCfg = Debug|Any CPU
		{75FDE485-16C0-465D-805C-8E843FF79192}.Debug|Any CPU.Build.0 = Debug|Any CPU
		{75FDE485-16C0-465D-805C-8E843FF79192}.Debug|x64.ActiveCfg = Debug|Any CPU
		{75FDE485-16C0-465D-805C-8E843FF79192}.Debug|x64.Build.0 = Debug|Any CPU
		{75FDE485-16C0-465D-805C-8E843FF79192}.Debug|x86.ActiveCfg = Debug|Any CPU
		{75FDE485-16C0-465D-805C-8E843FF79192}.Debug|x86.Build.0 = Debug|Any CPU
		{75FDE485-16C0-465D-805C-8E843FF79192}.Release|Any CPU.ActiveCfg = Release|Any CPU
		{75FDE485-16C0-465D-805C-8E843FF79192}.Release|Any CPU.Build.0 = Release|Any CPU
		{75FDE485-16C0-465D-805C-8E843FF79192}.Release|x64.ActiveCfg = Release|Any CPU
		{75FDE485-16C0-465D-805C-8E843FF79192}.Release|x64.Build.0 = Release|Any CPU
		{75FDE485-16C0-465D-805C-8E843FF79192}.Release|x86.ActiveCfg = Release|Any CPU
		{75FDE485-16C0-465D-805C-8E843FF79192}.Release|x86.Build.0 = Release|Any CPU
		{71D198B4-4F7B-422B-B88D-0C3B1CCEB5B4}.Debug|Any CPU.ActiveCfg = Debug|Any CPU
		{71D198B4-4F7B-422B-B88D-0C3B1CCEB5B4}.Debug|Any CPU.Build.0 = Debug|Any CPU
		{71D198B4-4F7B-422B-B88D-0C3B1CCEB5B4}.Debug|x64.ActiveCfg = Debug|Any CPU
		{71D198B4-4F7B-422B-B88D-0C3B1CCEB5B4}.Debug|x64.Build.0 = Debug|Any CPU
		{71D198B4-4F7B-422B-B88D-0C3B1CCEB5B4}.Debug|x86.ActiveCfg = Debug|Any CPU
		{71D198B4-4F7B-422B-B88D-0C3B1CCEB5B4}.Debug|x86.Build.0 = Debug|Any CPU
		{71D198B4-4F7B-422B-B88D-0C3B1CCEB5B4}.Release|Any CPU.ActiveCfg = Release|Any CPU
		{71D198B4-4F7B-422B-B88D-0C3B1CCEB5B4}.Release|Any CPU.Build.0 = Release|Any CPU
		{71D198B4-4F7B-422B-B88D-0C3B1CCEB5B4}.Release|x64.ActiveCfg = Release|Any CPU
		{71D198B4-4F7B-422B-B88D-0C3B1CCEB5B4}.Release|x64.Build.0 = Release|Any CPU
		{71D198B4-4F7B-422B-B88D-0C3B1CCEB5B4}.Release|x86.ActiveCfg = Release|Any CPU
		{71D198B4-4F7B-422B-B88D-0C3B1CCEB5B4}.Release|x86.Build.0 = Release|Any CPU
		{0BD59D68-1FE6-41B7-8F89-93C5659259D7}.Debug|Any CPU.ActiveCfg = Debug|Any CPU
		{0BD59D68-1FE6-41B7-8F89-93C5659259D7}.Debug|Any CPU.Build.0 = Debug|Any CPU
		{0BD59D68-1FE6-41B7-8F89-93C5659259D7}.Debug|x64.ActiveCfg = Debug|Any CPU
		{0BD59D68-1FE6-41B7-8F89-93C5659259D7}.Debug|x64.Build.0 = Debug|Any CPU
		{0BD59D68-1FE6-41B7-8F89-93C5659259D7}.Debug|x86.ActiveCfg = Debug|Any CPU
		{0BD59D68-1FE6-41B7-8F89-93C5659259D7}.Debug|x86.Build.0 = Debug|Any CPU
		{0BD59D68-1FE6-41B7-8F89-93C5659259D7}.Release|Any CPU.ActiveCfg = Release|Any CPU
		{0BD59D68-1FE6-41B7-8F89-93C5659259D7}.Release|Any CPU.Build.0 = Release|Any CPU
		{0BD59D68-1FE6-41B7-8F89-93C5659259D7}.Release|x64.ActiveCfg = Release|Any CPU
		{0BD59D68-1FE6-41B7-8F89-93C5659259D7}.Release|x64.Build.0 = Release|Any CPU
		{0BD59D68-1FE6-41B7-8F89-93C5659259D7}.Release|x86.ActiveCfg = Release|Any CPU
		{0BD59D68-1FE6-41B7-8F89-93C5659259D7}.Release|x86.Build.0 = Release|Any CPU
		{789AA90B-0C90-4DF1-8AB7-931636720C8D}.Debug|Any CPU.ActiveCfg = Debug|Any CPU
		{789AA90B-0C90-4DF1-8AB7-931636720C8D}.Debug|Any CPU.Build.0 = Debug|Any CPU
		{789AA90B-0C90-4DF1-8AB7-931636720C8D}.Debug|x64.ActiveCfg = Debug|Any CPU
		{789AA90B-0C90-4DF1-8AB7-931636720C8D}.Debug|x64.Build.0 = Debug|Any CPU
		{789AA90B-0C90-4DF1-8AB7-931636720C8D}.Debug|x86.ActiveCfg = Debug|Any CPU
		{789AA90B-0C90-4DF1-8AB7-931636720C8D}.Debug|x86.Build.0 = Debug|Any CPU
		{789AA90B-0C90-4DF1-8AB7-931636720C8D}.Release|Any CPU.ActiveCfg = Release|Any CPU
		{789AA90B-0C90-4DF1-8AB7-931636720C8D}.Release|Any CPU.Build.0 = Release|Any CPU
		{789AA90B-0C90-4DF1-8AB7-931636720C8D}.Release|x64.ActiveCfg = Release|Any CPU
		{789AA90B-0C90-4DF1-8AB7-931636720C8D}.Release|x64.Build.0 = Release|Any CPU
		{789AA90B-0C90-4DF1-8AB7-931636720C8D}.Release|x86.ActiveCfg = Release|Any CPU
		{789AA90B-0C90-4DF1-8AB7-931636720C8D}.Release|x86.Build.0 = Release|Any CPU
		{B42E62F5-6B54-470D-A9A8-7FB9ACCA8D73}.Debug|Any CPU.ActiveCfg = Debug|Any CPU
		{B42E62F5-6B54-470D-A9A8-7FB9ACCA8D73}.Debug|Any CPU.Build.0 = Debug|Any CPU
		{B42E62F5-6B54-470D-A9A8-7FB9ACCA8D73}.Debug|x64.ActiveCfg = Debug|Any CPU
		{B42E62F5-6B54-470D-A9A8-7FB9ACCA8D73}.Debug|x64.Build.0 = Debug|Any CPU
		{B42E62F5-6B54-470D-A9A8-7FB9ACCA8D73}.Debug|x86.ActiveCfg = Debug|Any CPU
		{B42E62F5-6B54-470D-A9A8-7FB9ACCA8D73}.Debug|x86.Build.0 = Debug|Any CPU
		{B42E62F5-6B54-470D-A9A8-7FB9ACCA8D73}.Release|Any CPU.ActiveCfg = Release|Any CPU
		{B42E62F5-6B54-470D-A9A8-7FB9ACCA8D73}.Release|Any CPU.Build.0 = Release|Any CPU
		{B42E62F5-6B54-470D-A9A8-7FB9ACCA8D73}.Release|x64.ActiveCfg = Release|Any CPU
		{B42E62F5-6B54-470D-A9A8-7FB9ACCA8D73}.Release|x64.Build.0 = Release|Any CPU
		{B42E62F5-6B54-470D-A9A8-7FB9ACCA8D73}.Release|x86.ActiveCfg = Release|Any CPU
		{B42E62F5-6B54-470D-A9A8-7FB9ACCA8D73}.Release|x86.Build.0 = Release|Any CPU
		{E52352E1-F746-45BB-A28D-25BA5A738E3A}.Debug|Any CPU.ActiveCfg = Debug|Any CPU
		{E52352E1-F746-45BB-A28D-25BA5A738E3A}.Debug|Any CPU.Build.0 = Debug|Any CPU
		{E52352E1-F746-45BB-A28D-25BA5A738E3A}.Debug|x64.ActiveCfg = Debug|Any CPU
		{E52352E1-F746-45BB-A28D-25BA5A738E3A}.Debug|x64.Build.0 = Debug|Any CPU
		{E52352E1-F746-45BB-A28D-25BA5A738E3A}.Debug|x86.ActiveCfg = Debug|Any CPU
		{E52352E1-F746-45BB-A28D-25BA5A738E3A}.Debug|x86.Build.0 = Debug|Any CPU
		{E52352E1-F746-45BB-A28D-25BA5A738E3A}.Release|Any CPU.ActiveCfg = Release|Any CPU
		{E52352E1-F746-45BB-A28D-25BA5A738E3A}.Release|Any CPU.Build.0 = Release|Any CPU
		{E52352E1-F746-45BB-A28D-25BA5A738E3A}.Release|x64.ActiveCfg = Release|Any CPU
		{E52352E1-F746-45BB-A28D-25BA5A738E3A}.Release|x64.Build.0 = Release|Any CPU
		{E52352E1-F746-45BB-A28D-25BA5A738E3A}.Release|x86.ActiveCfg = Release|Any CPU
		{E52352E1-F746-45BB-A28D-25BA5A738E3A}.Release|x86.Build.0 = Release|Any CPU
		{C242E91F-2043-4B28-80AF-910C358E1BA5}.Debug|Any CPU.ActiveCfg = Debug|Any CPU
		{C242E91F-2043-4B28-80AF-910C358E1BA5}.Debug|Any CPU.Build.0 = Debug|Any CPU
		{C242E91F-2043-4B28-80AF-910C358E1BA5}.Debug|x64.ActiveCfg = Debug|Any CPU
		{C242E91F-2043-4B28-80AF-910C358E1BA5}.Debug|x64.Build.0 = Debug|Any CPU
		{C242E91F-2043-4B28-80AF-910C358E1BA5}.Debug|x86.ActiveCfg = Debug|Any CPU
		{C242E91F-2043-4B28-80AF-910C358E1BA5}.Debug|x86.Build.0 = Debug|Any CPU
		{C242E91F-2043-4B28-80AF-910C358E1BA5}.Release|Any CPU.ActiveCfg = Release|Any CPU
		{C242E91F-2043-4B28-80AF-910C358E1BA5}.Release|Any CPU.Build.0 = Release|Any CPU
		{C242E91F-2043-4B28-80AF-910C358E1BA5}.Release|x64.ActiveCfg = Release|Any CPU
		{C242E91F-2043-4B28-80AF-910C358E1BA5}.Release|x64.Build.0 = Release|Any CPU
		{C242E91F-2043-4B28-80AF-910C358E1BA5}.Release|x86.ActiveCfg = Release|Any CPU
		{C242E91F-2043-4B28-80AF-910C358E1BA5}.Release|x86.Build.0 = Release|Any CPU
		{644974FD-68BE-42AE-9123-DE38B4919376}.Debug|Any CPU.ActiveCfg = Debug|Any CPU
		{644974FD-68BE-42AE-9123-DE38B4919376}.Debug|Any CPU.Build.0 = Debug|Any CPU
		{644974FD-68BE-42AE-9123-DE38B4919376}.Debug|x64.ActiveCfg = Debug|Any CPU
		{644974FD-68BE-42AE-9123-DE38B4919376}.Debug|x64.Build.0 = Debug|Any CPU
		{644974FD-68BE-42AE-9123-DE38B4919376}.Debug|x86.ActiveCfg = Debug|Any CPU
		{644974FD-68BE-42AE-9123-DE38B4919376}.Debug|x86.Build.0 = Debug|Any CPU
		{644974FD-68BE-42AE-9123-DE38B4919376}.Release|Any CPU.ActiveCfg = Release|Any CPU
		{644974FD-68BE-42AE-9123-DE38B4919376}.Release|Any CPU.Build.0 = Release|Any CPU
		{644974FD-68BE-42AE-9123-DE38B4919376}.Release|x64.ActiveCfg = Release|Any CPU
		{644974FD-68BE-42AE-9123-DE38B4919376}.Release|x64.Build.0 = Release|Any CPU
		{644974FD-68BE-42AE-9123-DE38B4919376}.Release|x86.ActiveCfg = Release|Any CPU
		{644974FD-68BE-42AE-9123-DE38B4919376}.Release|x86.Build.0 = Release|Any CPU
		{A3F2C1D4-8B5E-4A7D-9C2F-1E6A5B4C8D7E}.Debug|Any CPU.ActiveCfg = Debug|Any CPU
		{A3F2C1D4-8B5E-4A7D-9C2F-1E6A5B4C8D7E}.Debug|Any CPU.Build.0 = Debug|Any CPU
		{A3F2C1D4-8B5E-4A7D-9C2F-1E6A5B4C8D7E}.Debug|x64.ActiveCfg = Debug|Any CPU
		{A3F2C1D4-8B5E-4A7D-9C2F-1E6A5B4C8D7E}.Debug|x64.Build.0 = Debug|Any CPU
		{A3F2C1D4-8B5E-4A7D-9C2F-1E6A5B4C8D7E}.Debug|x86.ActiveCfg = Debug|Any CPU
		{A3F2C1D4-8B5E-4A7D-9C2F-1E6A5B4C8D7E}.Debug|x86.Build.0 = Debug|Any CPU
		{A3F2C1D4-8B5E-4A7D-9C2F-1E6A5B4C8D7E}.Release|Any CPU.ActiveCfg = Release|Any CPU
		{A3F2C1D4-8B5E-4A7D-9C2F-1E6A5B4C8D7E}.Release|Any CPU.Build.0 = Release|Any CPU
		{A3F2C1D4-8B5E-4A7D-9C2F-1E6A5B4C8D7E}.Release|x64.ActiveCfg = Release|Any CPU
		{A3F2C1D4-8B5E-4A7D-9C2F-1E6A5B4C8D7E}.Release|x64.Build.0 = Release|Any CPU
		{A3F2C1D4-8B5E-4A7D-9C2F-1E6A5B4C8D7E}.Release|x86.ActiveCfg = Release|Any CPU
		{A3F2C1D4-8B5E-4A7D-9C2F-1E6A5B4C8D7E}.Release|x86.Build.0 = Release|Any CPU
		{4B19FA94-DC8E-4C92-9A97-0215751E99C4}.Debug|Any CPU.ActiveCfg = Debug|Any CPU
		{4B19FA94-DC8E-4C92-9A97-0215751E99C4}.Debug|Any CPU.Build.0 = Debug|Any CPU
		{4B19FA94-DC8E-4C92-9A97-0215751E99C4}.Debug|x64.ActiveCfg = Debug|Any CPU
		{4B19FA94-DC8E-4C92-9A97-0215751E99C4}.Debug|x64.Build.0 = Debug|Any CPU
		{4B19FA94-DC8E-4C92-9A97-0215751E99C4}.Debug|x86.ActiveCfg = Debug|Any CPU
		{4B19FA94-DC8E-4C92-9A97-0215751E99C4}.Debug|x86.Build.0 = Debug|Any CPU
		{4B19FA94-DC8E-4C92-9A97-0215751E99C4}.Release|Any CPU.ActiveCfg = Release|Any CPU
		{4B19FA94-DC8E-4C92-9A97-0215751E99C4}.Release|Any CPU.Build.0 = Release|Any CPU
		{4B19FA94-DC8E-4C92-9A97-0215751E99C4}.Release|x64.ActiveCfg = Release|Any CPU
		{4B19FA94-DC8E-4C92-9A97-0215751E99C4}.Release|x64.Build.0 = Release|Any CPU
		{4B19FA94-DC8E-4C92-9A97-0215751E99C4}.Release|x86.ActiveCfg = Release|Any CPU
		{4B19FA94-DC8E-4C92-9A97-0215751E99C4}.Release|x86.Build.0 = Release|Any CPU
		{51F7B4FC-0CD0-46AE-B6A2-01F85E12903C}.Debug|Any CPU.ActiveCfg = Debug|Any CPU
		{51F7B4FC-0CD0-46AE-B6A2-01F85E12903C}.Debug|Any CPU.Build.0 = Debug|Any CPU
		{51F7B4FC-0CD0-46AE-B6A2-01F85E12903C}.Debug|x64.ActiveCfg = Debug|Any CPU
		{51F7B4FC-0CD0-46AE-B6A2-01F85E12903C}.Debug|x64.Build.0 = Debug|Any CPU
		{51F7B4FC-0CD0-46AE-B6A2-01F85E12903C}.Debug|x86.ActiveCfg = Debug|Any CPU
		{51F7B4FC-0CD0-46AE-B6A2-01F85E12903C}.Debug|x86.Build.0 = Debug|Any CPU
		{51F7B4FC-0CD0-46AE-B6A2-01F85E12903C}.Release|Any CPU.ActiveCfg = Release|Any CPU
		{51F7B4FC-0CD0-46AE-B6A2-01F85E12903C}.Release|Any CPU.Build.0 = Release|Any CPU
		{51F7B4FC-0CD0-46AE-B6A2-01F85E12903C}.Release|x64.ActiveCfg = Release|Any CPU
		{51F7B4FC-0CD0-46AE-B6A2-01F85E12903C}.Release|x64.Build.0 = Release|Any CPU
		{51F7B4FC-0CD0-46AE-B6A2-01F85E12903C}.Release|x86.ActiveCfg = Release|Any CPU
		{51F7B4FC-0CD0-46AE-B6A2-01F85E12903C}.Release|x86.Build.0 = Release|Any CPU
		{1FBD030B-B6F1-4607-BD70-8FC3575CB1A0}.Debug|Any CPU.ActiveCfg = Debug|Any CPU
		{1FBD030B-B6F1-4607-BD70-8FC3575CB1A0}.Debug|Any CPU.Build.0 = Debug|Any CPU
		{1FBD030B-B6F1-4607-BD70-8FC3575CB1A0}.Debug|x64.ActiveCfg = Debug|Any CPU
		{1FBD030B-B6F1-4607-BD70-8FC3575CB1A0}.Debug|x64.Build.0 = Debug|Any CPU
		{1FBD030B-B6F1-4607-BD70-8FC3575CB1A0}.Debug|x86.ActiveCfg = Debug|Any CPU
		{1FBD030B-B6F1-4607-BD70-8FC3575CB1A0}.Debug|x86.Build.0 = Debug|Any CPU
		{1FBD030B-B6F1-4607-BD70-8FC3575CB1A0}.Release|Any CPU.ActiveCfg = Release|Any CPU
		{1FBD030B-B6F1-4607-BD70-8FC3575CB1A0}.Release|Any CPU.Build.0 = Release|Any CPU
		{1FBD030B-B6F1-4607-BD70-8FC3575CB1A0}.Release|x64.ActiveCfg = Release|Any CPU
		{1FBD030B-B6F1-4607-BD70-8FC3575CB1A0}.Release|x64.Build.0 = Release|Any CPU
		{1FBD030B-B6F1-4607-BD70-8FC3575CB1A0}.Release|x86.ActiveCfg = Release|Any CPU
		{1FBD030B-B6F1-4607-BD70-8FC3575CB1A0}.Release|x86.Build.0 = Release|Any CPU
		{F00B57A7-05B1-4C46-B2AB-18BE5BBF236A}.Debug|Any CPU.ActiveCfg = Debug|Any CPU
		{F00B57A7-05B1-4C46-B2AB-18BE5BBF236A}.Debug|Any CPU.Build.0 = Debug|Any CPU
		{F00B57A7-05B1-4C46-B2AB-18BE5BBF236A}.Debug|x64.ActiveCfg = Debug|Any CPU
		{F00B57A7-05B1-4C46-B2AB-18BE5BBF236A}.Debug|x64.Build.0 = Debug|Any CPU
		{F00B57A7-05B1-4C46-B2AB-18BE5BBF236A}.Debug|x86.ActiveCfg = Debug|Any CPU
		{F00B57A7-05B1-4C46-B2AB-18BE5BBF236A}.Debug|x86.Build.0 = Debug|Any CPU
		{F00B57A7-05B1-4C46-B2AB-18BE5BBF236A}.Release|Any CPU.ActiveCfg = Release|Any CPU
		{F00B57A7-05B1-4C46-B2AB-18BE5BBF236A}.Release|Any CPU.Build.0 = Release|Any CPU
		{F00B57A7-05B1-4C46-B2AB-18BE5BBF236A}.Release|x64.ActiveCfg = Release|Any CPU
		{F00B57A7-05B1-4C46-B2AB-18BE5BBF236A}.Release|x64.Build.0 = Release|Any CPU
		{F00B57A7-05B1-4C46-B2AB-18BE5BBF236A}.Release|x86.ActiveCfg = Release|Any CPU
		{F00B57A7-05B1-4C46-B2AB-18BE5BBF236A}.Release|x86.Build.0 = Release|Any CPU
		{8ED15888-A1BF-4D6A-A5E1-11F77B300462}.Debug|Any CPU.ActiveCfg = Debug|Any CPU
		{8ED15888-A1BF-4D6A-A5E1-11F77B300462}.Debug|Any CPU.Build.0 = Debug|Any CPU
		{8ED15888-A1BF-4D6A-A5E1-11F77B300462}.Debug|x64.ActiveCfg = Debug|Any CPU
		{8ED15888-A1BF-4D6A-A5E1-11F77B300462}.Debug|x64.Build.0 = Debug|Any CPU
		{8ED15888-A1BF-4D6A-A5E1-11F77B300462}.Debug|x86.ActiveCfg = Debug|Any CPU
		{8ED15888-A1BF-4D6A-A5E1-11F77B300462}.Debug|x86.Build.0 = Debug|Any CPU
		{8ED15888-A1BF-4D6A-A5E1-11F77B300462}.Release|Any CPU.ActiveCfg = Release|Any CPU
		{8ED15888-A1BF-4D6A-A5E1-11F77B300462}.Release|Any CPU.Build.0 = Release|Any CPU
		{8ED15888-A1BF-4D6A-A5E1-11F77B300462}.Release|x64.ActiveCfg = Release|Any CPU
		{8ED15888-A1BF-4D6A-A5E1-11F77B300462}.Release|x64.Build.0 = Release|Any CPU
		{8ED15888-A1BF-4D6A-A5E1-11F77B300462}.Release|x86.ActiveCfg = Release|Any CPU
		{8ED15888-A1BF-4D6A-A5E1-11F77B300462}.Release|x86.Build.0 = Release|Any CPU
		{0124372C-F6CF-4F23-8305-9BF2F0C0D313}.Debug|Any CPU.ActiveCfg = Debug|Any CPU
		{0124372C-F6CF-4F23-8305-9BF2F0C0D313}.Debug|Any CPU.Build.0 = Debug|Any CPU
		{0124372C-F6CF-4F23-8305-9BF2F0C0D313}.Debug|x64.ActiveCfg = Debug|Any CPU
		{0124372C-F6CF-4F23-8305-9BF2F0C0D313}.Debug|x64.Build.0 = Debug|Any CPU
		{0124372C-F6CF-4F23-8305-9BF2F0C0D313}.Debug|x86.ActiveCfg = Debug|Any CPU
		{0124372C-F6CF-4F23-8305-9BF2F0C0D313}.Debug|x86.Build.0 = Debug|Any CPU
		{0124372C-F6CF-4F23-8305-9BF2F0C0D313}.Release|Any CPU.ActiveCfg = Release|Any CPU
		{0124372C-F6CF-4F23-8305-9BF2F0C0D313}.Release|Any CPU.Build.0 = Release|Any CPU
		{0124372C-F6CF-4F23-8305-9BF2F0C0D313}.Release|x64.ActiveCfg = Release|Any CPU
		{0124372C-F6CF-4F23-8305-9BF2F0C0D313}.Release|x64.Build.0 = Release|Any CPU
		{0124372C-F6CF-4F23-8305-9BF2F0C0D313}.Release|x86.ActiveCfg = Release|Any CPU
		{0124372C-F6CF-4F23-8305-9BF2F0C0D313}.Release|x86.Build.0 = Release|Any CPU
	EndGlobalSection
	GlobalSection(SolutionProperties) = preSolution
		HideSolutionNode = FALSE
	EndGlobalSection
	GlobalSection(NestedProjects) = preSolution
		{8ED15888-A1BF-4D6A-A5E1-11F77B300462} = {827E0CD3-B72D-47B6-A68D-7590B98EB39B}
		{0124372C-F6CF-4F23-8305-9BF2F0C0D313} = {0AB3BF05-4346-4AA6-1389-037BE0695223}
	EndGlobalSection
EndGlobal
